
Microsoft Visual Studio Solution File, Format Version 12.00
# Visual Studio Version 16
VisualStudioVersion = 25.0.1703.4
MinimumVisualStudioVersion = 10.0.40219.1
Project("{FAE04EC0-301F-11D3-BF4B-00C04F79EFBC}") = "BlogApp", "BlogApp\BlogApp.csproj", "{ED87633B-1BA6-4568-A866-CCDC13906249}"
EndProject
Project("{FAE04EC0-301F-11D3-BF4B-00C04F79EFBC}") = "BlogAppTest", "BlogAppTest\BlogAppTest.csproj", "{8AED953F-B637-4C7A-BF62-09AC22DB2020}"
EndProject
Global
	GlobalSection(SolutionConfigurationPlatforms) = preSolution
		Debug|Any CPU = Debug|Any CPU
		Release|Any CPU = Release|Any CPU
	EndGlobalSection
	GlobalSection(ProjectConfigurationPlatforms) = postSolution
		{ED87633B-1BA6-4568-A866-CCDC13906249}.Debug|Any CPU.ActiveCfg = Debug|Any CPU
		{ED87633B-1BA6-4568-A866-CCDC13906249}.Debug|Any CPU.Build.0 = Debug|Any CPU
		{ED87633B-1BA6-4568-A866-CCDC13906249}.Release|Any CPU.ActiveCfg = Release|Any CPU
		{ED87633B-1BA6-4568-A866-CCDC13906249}.Release|Any CPU.Build.0 = Release|Any CPU
		{8AED953F-B637-4C7A-BF62-09AC22DB2020}.Debug|Any CPU.ActiveCfg = Debug|Any CPU
		{8AED953F-B637-4C7A-BF62-09AC22DB2020}.Debug|Any CPU.Build.0 = Debug|Any CPU
		{8AED953F-B637-4C7A-BF62-09AC22DB2020}.Release|Any CPU.ActiveCfg = Release|Any CPU
		{8AED953F-B637-4C7A-BF62-09AC22DB2020}.Release|Any CPU.Build.0 = Release|Any CPU
	EndGlobalSection
	GlobalSection(SolutionProperties) = preSolution
		HideSolutionNode = FALSE
	EndGlobalSection
	GlobalSection(ExtensibilityGlobals) = postSolution
		SolutionGuid = {D956335A-8715-499F-97EE-B265F3AB1094}
	EndGlobalSection
EndGlobal
